
Microsoft Visual Studio Solution File, Format Version 12.00
# Visual Studio Version 17
VisualStudioVersion = 17.4.33205.214
MinimumVisualStudioVersion = 10.0.40219.1
Project("{8BC9CEB8-8B4A-11D0-8D11-00A0C91BC942}") = "Inheritance", "Inheritance\Inheritance.vcxproj", "{79C346FB-BB00-499C-8C00-728E43599CC5}"
EndProject
Project("{8BC9CEB8-8B4A-11D0-8D11-00A0C91BC942}") = "Academy", "Academy\Academy.vcxproj", "{64DFC4C2-CBC9-477A-A45C-8B5765F8E0C1}"
EndProject
Project("{8BC9CEB8-8B4A-11D0-8D11-00A0C91BC942}") = "Files", "Files\Files.vcxproj", "{96038487-DDFA-4212-A6F1-0980CDF8CA01}"
EndProject
Global
	GlobalSection(SolutionConfigurationPlatforms) = preSolution
		Debug|x64 = Debug|x64
		Debug|x86 = Debug|x86
		Release|x64 = Release|x64
		Release|x86 = Release|x86
	EndGlobalSection
	GlobalSection(ProjectConfigurationPlatforms) = postSolution
		{79C346FB-BB00-499C-8C00-728E43599CC5}.Debug|x64.ActiveCfg = Debug|x64
		{79C346FB-BB00-499C-8C00-728E43599CC5}.Debug|x64.Build.0 = Debug|x64
		{79C346FB-BB00-499C-8C00-728E43599CC5}.Debug|x86.ActiveCfg = Debug|Win32
		{79C346FB-BB00-499C-8C00-728E43599CC5}.Debug|x86.Build.0 = Debug|Win32
		{79C346FB-BB00-499C-8C00-728E43599CC5}.Release|x64.ActiveCfg = Release|x64
		{79C346FB-BB00-499C-8C00-728E43599CC5}.Release|x64.Build.0 = Release|x64
		{79C346FB-BB00-499C-8C00-728E43599CC5}.Release|x86.ActiveCfg = Release|Win32
		{79C346FB-BB00-499C-8C00-728E43599CC5}.Release|x86.Build.0 = Release|Win32
		{64DFC4C2-CBC9-477A-A45C-8B5765F8E0C1}.Debug|x64.ActiveCfg = Debug|x64
		{64DFC4C2-CBC9-477A-A45C-8B5765F8E0C1}.Debug|x64.Build.0 = Debug|x64
		{64DFC4C2-CBC9-477A-A45C-8B5765F8E0C1}.Debug|x86.ActiveCfg = Debug|Win32
		{64DFC4C2-CBC9-477A-A45C-8B5765F8E0C1}.Debug|x86.Build.0 = Debug|Win32
		{64DFC4C2-CBC9-477A-A45C-8B5765F8E0C1}.Release|x64.ActiveCfg = Release|x64
		{64DFC4C2-CBC9-477A-A45C-8B5765F8E0C1}.Release|x64.Build.0 = Release|x64
		{64DFC4C2-CBC9-477A-A45C-8B5765F8E0C1}.Release|x86.ActiveCfg = Release|Win32
		{64DFC4C2-CBC9-477A-A45C-8B5765F8E0C1}.Release|x86.Build.0 = Release|Win32
		{96038487-DDFA-4212-A6F1-0980CDF8CA01}.Debug|x64.ActiveCfg = Debug|x64
		{96038487-DDFA-4212-A6F1-0980CDF8CA01}.Debug|x64.Build.0 = Debug|x64
		{96038487-DDFA-4212-A6F1-0980CDF8CA01}.Debug|x86.ActiveCfg = Debug|Win32
		{96038487-DDFA-4212-A6F1-0980CDF8CA01}.Debug|x86.Build.0 = Debug|Win32
		{96038487-DDFA-4212-A6F1-0980CDF8CA01}.Release|x64.ActiveCfg = Release|x64
		{96038487-DDFA-4212-A6F1-0980CDF8CA01}.Release|x64.Build.0 = Release|x64
		{96038487-DDFA-4212-A6F1-0980CDF8CA01}.Release|x86.ActiveCfg = Release|Win32
		{96038487-DDFA-4212-A6F1-0980CDF8CA01}.Release|x86.Build.0 = Release|Win32
	EndGlobalSection
	GlobalSection(SolutionProperties) = preSolution
		HideSolutionNode = FALSE
	EndGlobalSection
	GlobalSection(ExtensibilityGlobals) = postSolution
		SolutionGuid = {CA8280D3-ECAA-4815-900A-803ADC126B22}
	EndGlobalSection
EndGlobal
